
Microsoft Visual Studio Solution File, Format Version 12.00
# Visual Studio Version 17
VisualStudioVersion = 17.4.33205.214
MinimumVisualStudioVersion = 10.0.40219.1
Project("{FAE04EC0-301F-11D3-BF4B-00C04F79EFBC}") = "EmployeePayroleService", "EmployeePayroleService\EmployeePayroleService.csproj", "{2ED0E716-D0E5-4303-865F-C5FA27F48D14}"
EndProject
Global
	GlobalSection(SolutionConfigurationPlatforms) = preSolution
		Debug|Any CPU = Debug|Any CPU
		Release|Any CPU = Release|Any CPU
	EndGlobalSection
	GlobalSection(ProjectConfigurationPlatforms) = postSolution
		{2ED0E716-D0E5-4303-865F-C5FA27F48D14}.Debug|Any CPU.ActiveCfg = Debug|Any CPU
		{2ED0E716-D0E5-4303-865F-C5FA27F48D14}.Debug|Any CPU.Build.0 = Debug|Any CPU
		{2ED0E716-D0E5-4303-865F-C5FA27F48D14}.Release|Any CPU.ActiveCfg = Release|Any CPU
		{2ED0E716-D0E5-4303-865F-C5FA27F48D14}.Release|Any CPU.Build.0 = Release|Any CPU
	EndGlobalSection
	GlobalSection(SolutionProperties) = preSolution
		HideSolutionNode = FALSE
	EndGlobalSection
	GlobalSection(ExtensibilityGlobals) = postSolution
		SolutionGuid = {0D6C1ACF-F54E-4EC2-ABF8-4EC00FC233EA}
	EndGlobalSection
EndGlobal
